
Microsoft Visual Studio Solution File, Format Version 12.00
# Visual Studio Version 17
VisualStudioVersion = 17.6.33829.357
MinimumVisualStudioVersion = 10.0.40219.1
Project("{FAE04EC0-301F-11D3-BF4B-00C04F79EFBC}") = "Raizes", "Raizes.csproj", "{DD59DDBB-CDF2-4C42-908A-E9C106AB6CAB}"
EndProject
Global
	GlobalSection(SolutionConfigurationPlatforms) = preSolution
		Debug|Any CPU = Debug|Any CPU
		Release|Any CPU = Release|Any CPU
	EndGlobalSection
	GlobalSection(ProjectConfigurationPlatforms) = postSolution
		{DD59DDBB-CDF2-4C42-908A-E9C106AB6CAB}.Debug|Any CPU.ActiveCfg = Debug|Any CPU
		{DD59DDBB-CDF2-4C42-908A-E9C106AB6CAB}.Debug|Any CPU.Build.0 = Debug|Any CPU
		{DD59DDBB-CDF2-4C42-908A-E9C106AB6CAB}.Release|Any CPU.ActiveCfg = Release|Any CPU
		{DD59DDBB-CDF2-4C42-908A-E9C106AB6CAB}.Release|Any CPU.Build.0 = Release|Any CPU
	EndGlobalSection
	GlobalSection(SolutionProperties) = preSolution
		HideSolutionNode = FALSE
	EndGlobalSection
	GlobalSection(ExtensibilityGlobals) = postSolution
		SolutionGuid = {A7FFC52D-426E-42F4-9876-9CAE9440110B}
	EndGlobalSection
EndGlobal
