
Microsoft Visual Studio Solution File, Format Version 12.00
# Visual Studio Version 17
VisualStudioVersion = 17.0.31903.59
MinimumVisualStudioVersion = 10.0.40219.1
Project("{2150E333-8FDC-42A3-9474-1A3956D46DE8}") = "src", "src", "{827E0CD3-B72D-47B6-A68D-7590B98EB39B}"
EndProject
Project("{FAE04EC0-301F-11D3-BF4B-00C04F79EFBC}") = "Raizes.Application", "src\Raizes.Application\Raizes.Application.csproj", "{1C48A319-DF37-49FF-94BC-2E33D492D8F5}"
EndProject
Project("{FAE04EC0-301F-11D3-BF4B-00C04F79EFBC}") = "Raizes.Domain", "src\Raizes.Domain\Raizes.Domain.csproj", "{B7B69D6F-60B2-4D44-81ED-46B153414BF0}"
EndProject
Project("{FAE04EC0-301F-11D3-BF4B-00C04F79EFBC}") = "Raizes.Infrastructure", "src\Raizes.Infrastructure\Raizes.Infrastructure.csproj", "{8AD0FC51-CF35-4E3D-88EE-99DCE9109ABE}"
EndProject
Project("{FAE04EC0-301F-11D3-BF4B-00C04F79EFBC}") = "Raizes.WebApi", "src\Raizes.WebApi\Raizes.WebApi.csproj", "{4ED40498-0F40-444E-AE0D-586576EF9573}"
EndProject
Global
	GlobalSection(SolutionConfigurationPlatforms) = preSolution
		Debug|Any CPU = Debug|Any CPU
		Debug|x64 = Debug|x64
		Debug|x86 = Debug|x86
		Release|Any CPU = Release|Any CPU
		Release|x64 = Release|x64
		Release|x86 = Release|x86
	EndGlobalSection
	GlobalSection(ProjectConfigurationPlatforms) = postSolution
		{1C48A319-DF37-49FF-94BC-2E33D492D8F5}.Debug|Any CPU.ActiveCfg = Debug|Any CPU
		{1C48A319-DF37-49FF-94BC-2E33D492D8F5}.Debug|Any CPU.Build.0 = Debug|Any CPU
		{1C48A319-DF37-49FF-94BC-2E33D492D8F5}.Debug|x64.ActiveCfg = Debug|Any CPU
		{1C48A319-DF37-49FF-94BC-2E33D492D8F5}.Debug|x64.Build.0 = Debug|Any CPU
		{1C48A319-DF37-49FF-94BC-2E33D492D8F5}.Debug|x86.ActiveCfg = Debug|Any CPU
		{1C48A319-DF37-49FF-94BC-2E33D492D8F5}.Debug|x86.Build.0 = Debug|Any CPU
		{1C48A319-DF37-49FF-94BC-2E33D492D8F5}.Release|Any CPU.ActiveCfg = Release|Any CPU
		{1C48A319-DF37-49FF-94BC-2E33D492D8F5}.Release|Any CPU.Build.0 = Release|Any CPU
		{1C48A319-DF37-49FF-94BC-2E33D492D8F5}.Release|x64.ActiveCfg = Release|Any CPU
		{1C48A319-DF37-49FF-94BC-2E33D492D8F5}.Release|x64.Build.0 = Release|Any CPU
		{1C48A319-DF37-49FF-94BC-2E33D492D8F5}.Release|x86.ActiveCfg = Release|Any CPU
		{1C48A319-DF37-49FF-94BC-2E33D492D8F5}.Release|x86.Build.0 = Release|Any CPU
		{B7B69D6F-60B2-4D44-81ED-46B153414BF0}.Debug|Any CPU.ActiveCfg = Debug|Any CPU
		{B7B69D6F-60B2-4D44-81ED-46B153414BF0}.Debug|Any CPU.Build.0 = Debug|Any CPU
		{B7B69D6F-60B2-4D44-81ED-46B153414BF0}.Debug|x64.ActiveCfg = Debug|Any CPU
		{B7B69D6F-60B2-4D44-81ED-46B153414BF0}.Debug|x64.Build.0 = Debug|Any CPU
		{B7B69D6F-60B2-4D44-81ED-46B153414BF0}.Debug|x86.ActiveCfg = Debug|Any CPU
		{B7B69D6F-60B2-4D44-81ED-46B153414BF0}.Debug|x86.Build.0 = Debug|Any CPU
		{B7B69D6F-60B2-4D44-81ED-46B153414BF0}.Release|Any CPU.ActiveCfg = Release|Any CPU
		{B7B69D6F-60B2-4D44-81ED-46B153414BF0}.Release|Any CPU.Build.0 = Release|Any CPU
		{B7B69D6F-60B2-4D44-81ED-46B153414BF0}.Release|x64.ActiveCfg = Release|Any CPU
		{B7B69D6F-60B2-4D44-81ED-46B153414BF0}.Release|x64.Build.0 = Release|Any CPU
		{B7B69D6F-60B2-4D44-81ED-46B153414BF0}.Release|x86.ActiveCfg = Release|Any CPU
		{B7B69D6F-60B2-4D44-81ED-46B153414BF0}.Release|x86.Build.0 = Release|Any CPU
		{8AD0FC51-CF35-4E3D-88EE-99DCE9109ABE}.Debug|Any CPU.ActiveCfg = Debug|Any CPU
		{8AD0FC51-CF35-4E3D-88EE-99DCE9109ABE}.Debug|Any CPU.Build.0 = Debug|Any CPU
		{8AD0FC51-CF35-4E3D-88EE-99DCE9109ABE}.Debug|x64.ActiveCfg = Debug|Any CPU
		{8AD0FC51-CF35-4E3D-88EE-99DCE9109ABE}.Debug|x64.Build.0 = Debug|Any CPU
		{8AD0FC51-CF35-4E3D-88EE-99DCE9109ABE}.Debug|x86.ActiveCfg = Debug|Any CPU
		{8AD0FC51-CF35-4E3D-88EE-99DCE9109ABE}.Debug|x86.Build.0 = Debug|Any CPU
		{8AD0FC51-CF35-4E3D-88EE-99DCE9109ABE}.Release|Any CPU.ActiveCfg = Release|Any CPU
		{8AD0FC51-CF35-4E3D-88EE-99DCE9109ABE}.Release|Any CPU.Build.0 = Release|Any CPU
		{8AD0FC51-CF35-4E3D-88EE-99DCE9109ABE}.Release|x64.ActiveCfg = Release|Any CPU
		{8AD0FC51-CF35-4E3D-88EE-99DCE9109ABE}.Release|x64.Build.0 = Release|Any CPU
		{8AD0FC51-CF35-4E3D-88EE-99DCE9109ABE}.Release|x86.ActiveCfg = Release|Any CPU
		{8AD0FC51-CF35-4E3D-88EE-99DCE9109ABE}.Release|x86.Build.0 = Release|Any CPU
		{4ED40498-0F40-444E-AE0D-586576EF9573}.Debug|Any CPU.ActiveCfg = Debug|Any CPU
		{4ED40498-0F40-444E-AE0D-586576EF9573}.Debug|Any CPU.Build.0 = Debug|Any CPU
		{4ED40498-0F40-444E-AE0D-586576EF9573}.Debug|x64.ActiveCfg = Debug|Any CPU
		{4ED40498-0F40-444E-AE0D-586576EF9573}.Debug|x64.Build.0 = Debug|Any CPU
		{4ED40498-0F40-444E-AE0D-586576EF9573}.Debug|x86.ActiveCfg = Debug|Any CPU
		{4ED40498-0F40-444E-AE0D-586576EF9573}.Debug|x86.Build.0 = Debug|Any CPU
		{4ED40498-0F40-444E-AE0D-586576EF9573}.Release|Any CPU.ActiveCfg = Release|Any CPU
		{4ED40498-0F40-444E-AE0D-586576EF9573}.Release|Any CPU.Build.0 = Release|Any CPU
		{4ED40498-0F40-444E-AE0D-586576EF9573}.Release|x64.ActiveCfg = Release|Any CPU
		{4ED40498-0F40-444E-AE0D-586576EF9573}.Release|x64.Build.0 = Release|Any CPU
		{4ED40498-0F40-444E-AE0D-586576EF9573}.Release|x86.ActiveCfg = Release|Any CPU
		{4ED40498-0F40-444E-AE0D-586576EF9573}.Release|x86.Build.0 = Release|Any CPU
	EndGlobalSection
	GlobalSection(SolutionProperties) = preSolution
		HideSolutionNode = FALSE
	EndGlobalSection
	GlobalSection(NestedProjects) = preSolution
		{1C48A319-DF37-49FF-94BC-2E33D492D8F5} = {827E0CD3-B72D-47B6-A68D-7590B98EB39B}
		{B7B69D6F-60B2-4D44-81ED-46B153414BF0} = {827E0CD3-B72D-47B6-A68D-7590B98EB39B}
		{8AD0FC51-CF35-4E3D-88EE-99DCE9109ABE} = {827E0CD3-B72D-47B6-A68D-7590B98EB39B}
		{4ED40498-0F40-444E-AE0D-586576EF9573} = {827E0CD3-B72D-47B6-A68D-7590B98EB39B}
	EndGlobalSection
EndGlobal
